
Microsoft Visual Studio Solution File, Format Version 12.00
# Visual Studio 15
VisualStudioVersion = 15.0.27703.2035
MinimumVisualStudioVersion = 10.0.40219.1
Project("{9A19103F-16F7-4668-BE54-9A1E7A4F7556}") = "Composable.CQRS", "..\..\Composable\src\framework\Composable.CQRS\Composable.CQRS.csproj", "{FEA5F4AB-F9BD-4272-8A0D-9F20280C0B3C}"
EndProject
Project("{9A19103F-16F7-4668-BE54-9A1E7A4F7556}") = "Composable.CQRS.ExternalDependencies", "..\..\Composable\src\framework\Composable.CQRS.ExternalDependencies\Composable.CQRS.ExternalDependencies.csproj", "{73EFB86D-8383-43BD-859E-3E531A3A8B26}"
EndProject
Project("{2150E333-8FDC-42A3-9474-1A3956D46DE8}") = "_Composable", "_Composable", "{52918286-F230-4E9D-8D34-F5822699B039}"
EndProject
Project("{2150E333-8FDC-42A3-9474-1A3956D46DE8}") = "Consultants", "Consultants", "{381834FE-D275-4DF7-9229-F7B9C1DC1EAD}"
EndProject
Project("{9A19103F-16F7-4668-BE54-9A1E7A4F7556}") = "Nilsark.Consultants.Server", "Nilsark.Consultants.Server\Nilsark.Consultants.Server.csproj", "{16BC1B75-B9EB-46A3-A6FD-28FC6994C06E}"
EndProject
Project("{9A19103F-16F7-4668-BE54-9A1E7A4F7556}") = "Nilsark.Consultants.Shared", "Nilsark.Consultants.Shared\Nilsark.Consultants.Shared.csproj", "{273657A6-D770-49C8-8A9D-0A856A2A6ACB}"
EndProject
Project("{9A19103F-16F7-4668-BE54-9A1E7A4F7556}") = "Nilsark.Consultants.ChannelAdapter", "Nilsark.Consultants.ChannelAdapter\Nilsark.Consultants.ChannelAdapter.csproj", "{E6DF63EA-5F33-47A5-92D0-D3EE16B1CDF3}"
EndProject
Project("{2150E333-8FDC-42A3-9474-1A3956D46DE8}") = "Avatars", "Avatars", "{FB2C7E0B-C631-43FE-BEF0-1CEB229B74DD}"
EndProject
Project("{9A19103F-16F7-4668-BE54-9A1E7A4F7556}") = "Nilsark.Consultants.ChannelAdapter.Contract", "Nilsark.Consultants.ChannelAdapter.Contract\Nilsark.Consultants.ChannelAdapter.Contract.csproj", "{DD9687DC-09D2-43A1-AEE1-388ADE0DD90D}"
EndProject
Project("{9A19103F-16F7-4668-BE54-9A1E7A4F7556}") = "Nilsark.Avatars.Server", "Nilsark.Avatars\Nilsark.Avatars.Server\Nilsark.Avatars.Server.csproj", "{440D7107-BF5E-4977-8449-071BAA616EC9}"
EndProject
Project("{9A19103F-16F7-4668-BE54-9A1E7A4F7556}") = "Nilsark.Avatars.Shared", "Nilsark.Avatars\Nilsark.Avatars.Shared\Nilsark.Avatars.Shared.csproj", "{2A8FB6A7-F4FF-49A1-BA38-8F689FA817CF}"
EndProject
Project("{FAE04EC0-301F-11D3-BF4B-00C04F79EFBC}") = "Nilsark.Frontend.Server", "Nilsark.Frontend\Nilsark.Frontend.Server\Nilsark.Frontend.Server.csproj", "{D8F835AC-79F9-46DC-969A-4F94D946AD09}"
EndProject
Project("{FAE04EC0-301F-11D3-BF4B-00C04F79EFBC}") = "Nilsark.Frontend.Client", "Nilsark.Frontend\Nilsark.Frontend.Client\Nilsark.Frontend.Client.csproj", "{9DE2C597-A378-4200-950B-2654616BB10B}"
EndProject
Project("{FAE04EC0-301F-11D3-BF4B-00C04F79EFBC}") = "Nilsark.Frontend.Shared", "Nilsark.Frontend\Nilsark.Frontend.Shared\Nilsark.Frontend.Shared.csproj", "{009CADE8-A578-4511-AF8F-FA508D2DFA2E}"
EndProject
Project("{2150E333-8FDC-42A3-9474-1A3956D46DE8}") = "Frontend", "Frontend", "{85898DF0-932E-44FE-BD18-AA275D204756}"
EndProject
Global
	GlobalSection(SolutionConfigurationPlatforms) = preSolution
		Debug|Any CPU = Debug|Any CPU
		Release|Any CPU = Release|Any CPU
	EndGlobalSection
	GlobalSection(ProjectConfigurationPlatforms) = postSolution
		{FEA5F4AB-F9BD-4272-8A0D-9F20280C0B3C}.Debug|Any CPU.ActiveCfg = Debug|Any CPU
		{FEA5F4AB-F9BD-4272-8A0D-9F20280C0B3C}.Debug|Any CPU.Build.0 = Debug|Any CPU
		{FEA5F4AB-F9BD-4272-8A0D-9F20280C0B3C}.Release|Any CPU.ActiveCfg = Release|Any CPU
		{FEA5F4AB-F9BD-4272-8A0D-9F20280C0B3C}.Release|Any CPU.Build.0 = Release|Any CPU
		{73EFB86D-8383-43BD-859E-3E531A3A8B26}.Debug|Any CPU.ActiveCfg = Debug|Any CPU
		{73EFB86D-8383-43BD-859E-3E531A3A8B26}.Debug|Any CPU.Build.0 = Debug|Any CPU
		{73EFB86D-8383-43BD-859E-3E531A3A8B26}.Release|Any CPU.ActiveCfg = Release|Any CPU
		{73EFB86D-8383-43BD-859E-3E531A3A8B26}.Release|Any CPU.Build.0 = Release|Any CPU
		{16BC1B75-B9EB-46A3-A6FD-28FC6994C06E}.Debug|Any CPU.ActiveCfg = Debug|Any CPU
		{16BC1B75-B9EB-46A3-A6FD-28FC6994C06E}.Debug|Any CPU.Build.0 = Debug|Any CPU
		{16BC1B75-B9EB-46A3-A6FD-28FC6994C06E}.Release|Any CPU.ActiveCfg = Release|Any CPU
		{16BC1B75-B9EB-46A3-A6FD-28FC6994C06E}.Release|Any CPU.Build.0 = Release|Any CPU
		{273657A6-D770-49C8-8A9D-0A856A2A6ACB}.Debug|Any CPU.ActiveCfg = Debug|Any CPU
		{273657A6-D770-49C8-8A9D-0A856A2A6ACB}.Debug|Any CPU.Build.0 = Debug|Any CPU
		{273657A6-D770-49C8-8A9D-0A856A2A6ACB}.Release|Any CPU.ActiveCfg = Release|Any CPU
		{273657A6-D770-49C8-8A9D-0A856A2A6ACB}.Release|Any CPU.Build.0 = Release|Any CPU
		{E6DF63EA-5F33-47A5-92D0-D3EE16B1CDF3}.Debug|Any CPU.ActiveCfg = Debug|Any CPU
		{E6DF63EA-5F33-47A5-92D0-D3EE16B1CDF3}.Debug|Any CPU.Build.0 = Debug|Any CPU
		{E6DF63EA-5F33-47A5-92D0-D3EE16B1CDF3}.Release|Any CPU.ActiveCfg = Release|Any CPU
		{E6DF63EA-5F33-47A5-92D0-D3EE16B1CDF3}.Release|Any CPU.Build.0 = Release|Any CPU
		{DD9687DC-09D2-43A1-AEE1-388ADE0DD90D}.Debug|Any CPU.ActiveCfg = Debug|Any CPU
		{DD9687DC-09D2-43A1-AEE1-388ADE0DD90D}.Debug|Any CPU.Build.0 = Debug|Any CPU
		{DD9687DC-09D2-43A1-AEE1-388ADE0DD90D}.Release|Any CPU.ActiveCfg = Release|Any CPU
		{DD9687DC-09D2-43A1-AEE1-388ADE0DD90D}.Release|Any CPU.Build.0 = Release|Any CPU
		{440D7107-BF5E-4977-8449-071BAA616EC9}.Debug|Any CPU.ActiveCfg = Debug|Any CPU
		{440D7107-BF5E-4977-8449-071BAA616EC9}.Debug|Any CPU.Build.0 = Debug|Any CPU
		{440D7107-BF5E-4977-8449-071BAA616EC9}.Release|Any CPU.ActiveCfg = Release|Any CPU
		{440D7107-BF5E-4977-8449-071BAA616EC9}.Release|Any CPU.Build.0 = Release|Any CPU
		{2A8FB6A7-F4FF-49A1-BA38-8F689FA817CF}.Debug|Any CPU.ActiveCfg = Debug|Any CPU
		{2A8FB6A7-F4FF-49A1-BA38-8F689FA817CF}.Debug|Any CPU.Build.0 = Debug|Any CPU
		{2A8FB6A7-F4FF-49A1-BA38-8F689FA817CF}.Release|Any CPU.ActiveCfg = Release|Any CPU
		{2A8FB6A7-F4FF-49A1-BA38-8F689FA817CF}.Release|Any CPU.Build.0 = Release|Any CPU
		{D8F835AC-79F9-46DC-969A-4F94D946AD09}.Debug|Any CPU.ActiveCfg = Debug|Any CPU
		{D8F835AC-79F9-46DC-969A-4F94D946AD09}.Debug|Any CPU.Build.0 = Debug|Any CPU
		{D8F835AC-79F9-46DC-969A-4F94D946AD09}.Release|Any CPU.ActiveCfg = Release|Any CPU
		{D8F835AC-79F9-46DC-969A-4F94D946AD09}.Release|Any CPU.Build.0 = Release|Any CPU
		{9DE2C597-A378-4200-950B-2654616BB10B}.Debug|Any CPU.ActiveCfg = Debug|Any CPU
		{9DE2C597-A378-4200-950B-2654616BB10B}.Debug|Any CPU.Build.0 = Debug|Any CPU
		{9DE2C597-A378-4200-950B-2654616BB10B}.Release|Any CPU.ActiveCfg = Release|Any CPU
		{9DE2C597-A378-4200-950B-2654616BB10B}.Release|Any CPU.Build.0 = Release|Any CPU
		{009CADE8-A578-4511-AF8F-FA508D2DFA2E}.Debug|Any CPU.ActiveCfg = Debug|Any CPU
		{009CADE8-A578-4511-AF8F-FA508D2DFA2E}.Debug|Any CPU.Build.0 = Debug|Any CPU
		{009CADE8-A578-4511-AF8F-FA508D2DFA2E}.Release|Any CPU.ActiveCfg = Release|Any CPU
		{009CADE8-A578-4511-AF8F-FA508D2DFA2E}.Release|Any CPU.Build.0 = Release|Any CPU
	EndGlobalSection
	GlobalSection(SolutionProperties) = preSolution
		HideSolutionNode = FALSE
	EndGlobalSection
	GlobalSection(NestedProjects) = preSolution
		{FEA5F4AB-F9BD-4272-8A0D-9F20280C0B3C} = {52918286-F230-4E9D-8D34-F5822699B039}
		{73EFB86D-8383-43BD-859E-3E531A3A8B26} = {52918286-F230-4E9D-8D34-F5822699B039}
		{16BC1B75-B9EB-46A3-A6FD-28FC6994C06E} = {381834FE-D275-4DF7-9229-F7B9C1DC1EAD}
		{273657A6-D770-49C8-8A9D-0A856A2A6ACB} = {381834FE-D275-4DF7-9229-F7B9C1DC1EAD}
		{E6DF63EA-5F33-47A5-92D0-D3EE16B1CDF3} = {381834FE-D275-4DF7-9229-F7B9C1DC1EAD}
		{DD9687DC-09D2-43A1-AEE1-388ADE0DD90D} = {381834FE-D275-4DF7-9229-F7B9C1DC1EAD}
		{440D7107-BF5E-4977-8449-071BAA616EC9} = {FB2C7E0B-C631-43FE-BEF0-1CEB229B74DD}
		{2A8FB6A7-F4FF-49A1-BA38-8F689FA817CF} = {FB2C7E0B-C631-43FE-BEF0-1CEB229B74DD}
		{D8F835AC-79F9-46DC-969A-4F94D946AD09} = {85898DF0-932E-44FE-BD18-AA275D204756}
		{9DE2C597-A378-4200-950B-2654616BB10B} = {85898DF0-932E-44FE-BD18-AA275D204756}
		{009CADE8-A578-4511-AF8F-FA508D2DFA2E} = {85898DF0-932E-44FE-BD18-AA275D204756}
	EndGlobalSection
	GlobalSection(ExtensibilityGlobals) = postSolution
		SolutionGuid = {B5A645A6-2552-41AA-93CD-D4D5D7D7B25E}
	EndGlobalSection
EndGlobal
